// !$*UTF8*$!
{
	archiveVersion = 1;
	classes = {
	};
	objectVersion = 48;
	objects = {

/* Begin PBXBuildFile section */
		8F850D8D1FCC01F20066F903 /* AppDelegate.m in Sources */ = {isa = PBXBuildFile; fileRef = 8F850D8C1FCC01F20066F903 /* AppDelegate.m */; };
		8F850D931FCC01F20066F903 /* Main.storyboard in Resources */ = {isa = PBXBuildFile; fileRef = 8F850D911FCC01F20066F903 /* Main.storyboard */; };
		8F850D951FCC01F20066F903 /* Assets.xcassets in Resources */ = {isa = PBXBuildFile; fileRef = 8F850D941FCC01F20066F903 /* Assets.xcassets */; };
		8F850D981FCC01F20066F903 /* LaunchScreen.storyboard in Resources */ = {isa = PBXBuildFile; fileRef = 8F850D961FCC01F20066F903 /* LaunchScreen.storyboard */; };
		8F850D9B1FCC01F20066F903 /* main.m in Sources */ = {isa = PBXBuildFile; fileRef = 8F850D9A1FCC01F20066F903 /* main.m */; };
		8F850DA51FCC01F20066F903 /* KDStoryBoardTests.m in Sources */ = {isa = PBXBuildFile; fileRef = 8F850DA41FCC01F20066F903 /* KDStoryBoardTests.m */; };
		8F850DB01FCC01F20066F903 /* KDStoryBoardUITests.m in Sources */ = {isa = PBXBuildFile; fileRef = 8F850DAF1FCC01F20066F903 /* KDStoryBoardUITests.m */; };
		8F850DC01FCC02890066F903 /* MainTabBarController.m in Sources */ = {isa = PBXBuildFile; fileRef = 8F850DBF1FCC02890066F903 /* MainTabBarController.m */; };
		8F850DC41FCC02A80066F903 /* Function1ViewController.m in Sources */ = {isa = PBXBuildFile; fileRef = 8F850DC31FCC02A80066F903 /* Function1ViewController.m */; };
		8F850DC71FCC02B80066F903 /* Function2ViewController.m in Sources */ = {isa = PBXBuildFile; fileRef = 8F850DC61FCC02B80066F903 /* Function2ViewController.m */; };
		8F850DCA1FCC02C20066F903 /* Function3ViewController.m in Sources */ = {isa = PBXBuildFile; fileRef = 8F850DC91FCC02C20066F903 /* Function3ViewController.m */; };
		8F850DCE1FCC09570066F903 /* LoginViewController.m in Sources */ = {isa = PBXBuildFile; fileRef = 8F850DCD1FCC09570066F903 /* LoginViewController.m */; };
		8F850DD21FCC0AC80066F903 /* LoginStoryboard.storyboard in Resources */ = {isa = PBXBuildFile; fileRef = 8F850DD11FCC0AC80066F903 /* LoginStoryboard.storyboard */; };
		8F850DD51FCC10F40066F903 /* MainNavigationController.m in Sources */ = {isa = PBXBuildFile; fileRef = 8F850DD41FCC10F40066F903 /* MainNavigationController.m */; };
		8F850DDE1FCC1EC90066F903 /* RegisterViewController.m in Sources */ = {isa = PBXBuildFile; fileRef = 8F850DDD1FCC1EC90066F903 /* RegisterViewController.m */; };
		8F850DE11FCC20C10066F903 /* ForgotPasswordViewController.m in Sources */ = {isa = PBXBuildFile; fileRef = 8F850DE01FCC20C10066F903 /* ForgotPasswordViewController.m */; };
/* End PBXBuildFile section */

/* Begin PBXContainerItemProxy section */
		8F850DA11FCC01F20066F903 /* PBXContainerItemProxy */ = {
			isa = PBXContainerItemProxy;
			containerPortal = 8F850D801FCC01F20066F903 /* Project object */;
			proxyType = 1;
			remoteGlobalIDString = 8F850D871FCC01F20066F903;
			remoteInfo = KDStoryBoard;
		};
		8F850DAC1FCC01F20066F903 /* PBXContainerItemProxy */ = {
			isa = PBXContainerItemProxy;
			containerPortal = 8F850D801FCC01F20066F903 /* Project object */;
			proxyType = 1;
			remoteGlobalIDString = 8F850D871FCC01F20066F903;
			remoteInfo = KDStoryBoard;
		};
/* End PBXContainerItemProxy section */

/* Begin PBXFileReference section */
		8F850D881FCC01F20066F903 /* KDStoryBoard.app */ = {isa = PBXFileReference; explicitFileType = wrapper.application; includeInIndex = 0; path = KDStoryBoard.app; sourceTree = BUILT_PRODUCTS_DIR; };
		8F850D8B1FCC01F20066F903 /* AppDelegate.h */ = {isa = PBXFileReference; lastKnownFileType = sourcecode.c.h; path = AppDelegate.h; sourceTree = "<group>"; };
		8F850D8C1FCC01F20066F903 /* AppDelegate.m */ = {isa = PBXFileReference; lastKnownFileType = sourcecode.c.objc; path = AppDelegate.m; sourceTree = "<group>"; };
		8F850D921FCC01F20066F903 /* Base */ = {isa = PBXFileReference; lastKnownFileType = file.storyboard; name = Base; path = Base.lproj/Main.storyboard; sourceTree = "<group>"; };
		8F850D941FCC01F20066F903 /* Assets.xcassets */ = {isa = PBXFileReference; lastKnownFileType = folder.assetcatalog; path = Assets.xcassets; sourceTree = "<group>"; };
		8F850D971FCC01F20066F903 /* Base */ = {isa = PBXFileReference; lastKnownFileType = file.storyboard; name = Base; path = Base.lproj/LaunchScreen.storyboard; sourceTree = "<group>"; };
		8F850D991FCC01F20066F903 /* Info.plist */ = {isa = PBXFileReference; lastKnownFileType = text.plist.xml; path = Info.plist; sourceTree = "<group>"; };
		8F850D9A1FCC01F20066F903 /* main.m */ = {isa = PBXFileReference; lastKnownFileType = sourcecode.c.objc; path = main.m; sourceTree = "<group>"; };
		8F850DA01FCC01F20066F903 /* KDStoryBoardTests.xctest */ = {isa = PBXFileReference; explicitFileType = wrapper.cfbundle; includeInIndex = 0; path = KDStoryBoardTests.xctest; sourceTree = BUILT_PRODUCTS_DIR; };
		8F850DA41FCC01F20066F903 /* KDStoryBoardTests.m */ = {isa = PBXFileReference; lastKnownFileType = sourcecode.c.objc; path = KDStoryBoardTests.m; sourceTree = "<group>"; };
		8F850DA61FCC01F20066F903 /* Info.plist */ = {isa = PBXFileReference; lastKnownFileType = text.plist.xml; path = Info.plist; sourceTree = "<group>"; };
		8F850DAB1FCC01F20066F903 /* KDStoryBoardUITests.xctest */ = {isa = PBXFileReference; explicitFileType = wrapper.cfbundle; includeInIndex = 0; path = KDStoryBoardUITests.xctest; sourceTree = BUILT_PRODUCTS_DIR; };
		8F850DAF1FCC01F20066F903 /* KDStoryBoardUITests.m */ = {isa = PBXFileReference; lastKnownFileType = sourcecode.c.objc; path = KDStoryBoardUITests.m; sourceTree = "<group>"; };
		8F850DB11FCC01F20066F903 /* Info.plist */ = {isa = PBXFileReference; lastKnownFileType = text.plist.xml; path = Info.plist; sourceTree = "<group>"; };
		8F850DBE1FCC02890066F903 /* MainTabBarController.h */ = {isa = PBXFileReference; lastKnownFileType = sourcecode.c.h; path = MainTabBarController.h; sourceTree = "<group>"; };
		8F850DBF1FCC02890066F903 /* MainTabBarController.m */ = {isa = PBXFileReference; lastKnownFileType = sourcecode.c.objc; path = MainTabBarController.m; sourceTree = "<group>"; };
		8F850DC21FCC02A80066F903 /* Function1ViewController.h */ = {isa = PBXFileReference; lastKnownFileType = sourcecode.c.h; path = Function1ViewController.h; sourceTree = "<group>"; };
		8F850DC31FCC02A80066F903 /* Function1ViewController.m */ = {isa = PBXFileReference; lastKnownFileType = sourcecode.c.objc; path = Function1ViewController.m; sourceTree = "<group>"; };
		8F850DC51FCC02B80066F903 /* Function2ViewController.h */ = {isa = PBXFileReference; lastKnownFileType = sourcecode.c.h; path = Function2ViewController.h; sourceTree = "<group>"; };
		8F850DC61FCC02B80066F903 /* Function2ViewController.m */ = {isa = PBXFileReference; lastKnownFileType = sourcecode.c.objc; path = Function2ViewController.m; sourceTree = "<group>"; };
		8F850DC81FCC02C20066F903 /* Function3ViewController.h */ = {isa = PBXFileReference; lastKnownFileType = sourcecode.c.h; path = Function3ViewController.h; sourceTree = "<group>"; };
		8F850DC91FCC02C20066F903 /* Function3ViewController.m */ = {isa = PBXFileReference; lastKnownFileType = sourcecode.c.objc; path = Function3ViewController.m; sourceTree = "<group>"; };
		8F850DCC1FCC09570066F903 /* LoginViewController.h */ = {isa = PBXFileReference; lastKnownFileType = sourcecode.c.h; path = LoginViewController.h; sourceTree = "<group>"; };
		8F850DCD1FCC09570066F903 /* LoginViewController.m */ = {isa = PBXFileReference; lastKnownFileType = sourcecode.c.objc; path = LoginViewController.m; sourceTree = "<group>"; };
		8F850DD11FCC0AC80066F903 /* LoginStoryboard.storyboard */ = {isa = PBXFileReference; lastKnownFileType = file.storyboard; path = LoginStoryboard.storyboard; sourceTree = "<group>"; };
		8F850DD31FCC10F40066F903 /* MainNavigationController.h */ = {isa = PBXFileReference; lastKnownFileType = sourcecode.c.h; path = MainNavigationController.h; sourceTree = "<group>"; };
		8F850DD41FCC10F40066F903 /* MainNavigationController.m */ = {isa = PBXFileReference; lastKnownFileType = sourcecode.c.objc; path = MainNavigationController.m; sourceTree = "<group>"; };
		8F850DDC1FCC1EC90066F903 /* RegisterViewController.h */ = {isa = PBXFileReference; lastKnownFileType = sourcecode.c.h; path = RegisterViewController.h; sourceTree = "<group>"; };
		8F850DDD1FCC1EC90066F903 /* RegisterViewController.m */ = {isa = PBXFileReference; lastKnownFileType = sourcecode.c.objc; path = RegisterViewController.m; sourceTree = "<group>"; };
		8F850DDF1FCC20C10066F903 /* ForgotPasswordViewController.h */ = {isa = PBXFileReference; lastKnownFileType = sourcecode.c.h; path = ForgotPasswordViewController.h; sourceTree = "<group>"; };
		8F850DE01FCC20C10066F903 /* ForgotPasswordViewController.m */ = {isa = PBXFileReference; lastKnownFileType = sourcecode.c.objc; path = ForgotPasswordViewController.m; sourceTree = "<group>"; };
/* End PBXFileReference section */

/* Begin PBXFrameworksBuildPhase section */
		8F850D851FCC01F20066F903 /* Frameworks */ = {
			isa = PBXFrameworksBuildPhase;
			buildActionMask = 2147483647;
			files = (
			);
			runOnlyForDeploymentPostprocessing = 0;
		};
		8F850D9D1FCC01F20066F903 /* Frameworks */ = {
			isa = PBXFrameworksBuildPhase;
			buildActionMask = 2147483647;
			files = (
			);
			runOnlyForDeploymentPostprocessing = 0;
		};
		8F850DA81FCC01F20066F903 /* Frameworks */ = {
			isa = PBXFrameworksBuildPhase;
			buildActionMask = 2147483647;
			files = (
			);
			runOnlyForDeploymentPostprocessing = 0;
		};
/* End PBXFrameworksBuildPhase section */

/* Begin PBXGroup section */
		8F850D7F1FCC01F20066F903 = {
			isa = PBXGroup;
			children = (
				8F850D8A1FCC01F20066F903 /* KDStoryBoard */,
				8F850DA31FCC01F20066F903 /* KDStoryBoardTests */,
				8F850DAE1FCC01F20066F903 /* KDStoryBoardUITests */,
				8F850D891FCC01F20066F903 /* Products */,
			);
			sourceTree = "<group>";
		};
		8F850D891FCC01F20066F903 /* Products */ = {
			isa = PBXGroup;
			children = (
				8F850D881FCC01F20066F903 /* KDStoryBoard.app */,
				8F850DA01FCC01F20066F903 /* KDStoryBoardTests.xctest */,
				8F850DAB1FCC01F20066F903 /* KDStoryBoardUITests.xctest */,
			);
			name = Products;
			sourceTree = "<group>";
		};
		8F850D8A1FCC01F20066F903 /* KDStoryBoard */ = {
			isa = PBXGroup;
			children = (
				8F850DCB1FCC09400066F903 /* Login */,
				8F850DC11FCC028F0066F903 /* TabBarVC */,
				8F850DBD1FCC02670066F903 /* SBTabBar */,
				8F850D8B1FCC01F20066F903 /* AppDelegate.h */,
				8F850D8C1FCC01F20066F903 /* AppDelegate.m */,
				8F850D911FCC01F20066F903 /* Main.storyboard */,
				8F850DD11FCC0AC80066F903 /* LoginStoryboard.storyboard */,
				8F850D941FCC01F20066F903 /* Assets.xcassets */,
				8F850D961FCC01F20066F903 /* LaunchScreen.storyboard */,
				8F850D991FCC01F20066F903 /* Info.plist */,
				8F850D9A1FCC01F20066F903 /* main.m */,
			);
			path = KDStoryBoard;
			sourceTree = "<group>";
		};
		8F850DA31FCC01F20066F903 /* KDStoryBoardTests */ = {
			isa = PBXGroup;
			children = (
				8F850DA41FCC01F20066F903 /* KDStoryBoardTests.m */,
				8F850DA61FCC01F20066F903 /* Info.plist */,
			);
			path = KDStoryBoardTests;
			sourceTree = "<group>";
		};
		8F850DAE1FCC01F20066F903 /* KDStoryBoardUITests */ = {
			isa = PBXGroup;
			children = (
				8F850DAF1FCC01F20066F903 /* KDStoryBoardUITests.m */,
				8F850DB11FCC01F20066F903 /* Info.plist */,
			);
			path = KDStoryBoardUITests;
			sourceTree = "<group>";
		};
		8F850DBD1FCC02670066F903 /* SBTabBar */ = {
			isa = PBXGroup;
			children = (
				8F850DBE1FCC02890066F903 /* MainTabBarController.h */,
				8F850DBF1FCC02890066F903 /* MainTabBarController.m */,
				8F850DD31FCC10F40066F903 /* MainNavigationController.h */,
				8F850DD41FCC10F40066F903 /* MainNavigationController.m */,
			);
			path = SBTabBar;
			sourceTree = "<group>";
		};
		8F850DC11FCC028F0066F903 /* TabBarVC */ = {
			isa = PBXGroup;
			children = (
				8F850DC21FCC02A80066F903 /* Function1ViewController.h */,
				8F850DC31FCC02A80066F903 /* Function1ViewController.m */,
				8F850DC51FCC02B80066F903 /* Function2ViewController.h */,
				8F850DC61FCC02B80066F903 /* Function2ViewController.m */,
				8F850DC81FCC02C20066F903 /* Function3ViewController.h */,
				8F850DC91FCC02C20066F903 /* Function3ViewController.m */,
			);
			path = TabBarVC;
			sourceTree = "<group>";
		};
		8F850DCB1FCC09400066F903 /* Login */ = {
			isa = PBXGroup;
			children = (
				8F850DCC1FCC09570066F903 /* LoginViewController.h */,
				8F850DCD1FCC09570066F903 /* LoginViewController.m */,
				8F850DDC1FCC1EC90066F903 /* RegisterViewController.h */,
				8F850DDD1FCC1EC90066F903 /* RegisterViewController.m */,
				8F850DDF1FCC20C10066F903 /* ForgotPasswordViewController.h */,
				8F850DE01FCC20C10066F903 /* ForgotPasswordViewController.m */,
			);
			path = Login;
			sourceTree = "<group>";
		};
/* End PBXGroup section */

/* Begin PBXNativeTarget section */
		8F850D871FCC01F20066F903 /* KDStoryBoard */ = {
			isa = PBXNativeTarget;
			buildConfigurationList = 8F850DB41FCC01F20066F903 /* Build configuration list for PBXNativeTarget "KDStoryBoard" */;
			buildPhases = (
				8F850D841FCC01F20066F903 /* Sources */,
				8F850D851FCC01F20066F903 /* Frameworks */,
				8F850D861FCC01F20066F903 /* Resources */,
			);
			buildRules = (
			);
			dependencies = (
			);
			name = KDStoryBoard;
			productName = KDStoryBoard;
			productReference = 8F850D881FCC01F20066F903 /* KDStoryBoard.app */;
			productType = "com.apple.product-type.application";
		};
		8F850D9F1FCC01F20066F903 /* KDStoryBoardTests */ = {
			isa = PBXNativeTarget;
			buildConfigurationList = 8F850DB71FCC01F20066F903 /* Build configuration list for PBXNativeTarget "KDStoryBoardTests" */;
			buildPhases = (
				8F850D9C1FCC01F20066F903 /* Sources */,
				8F850D9D1FCC01F20066F903 /* Frameworks */,
				8F850D9E1FCC01F20066F903 /* Resources */,
			);
			buildRules = (
			);
			dependencies = (
				8F850DA21FCC01F20066F903 /* PBXTargetDependency */,
			);
			name = KDStoryBoardTests;
			productName = KDStoryBoardTests;
			productReference = 8F850DA01FCC01F20066F903 /* KDStoryBoardTests.xctest */;
			productType = "com.apple.product-type.bundle.unit-test";
		};
		8F850DAA1FCC01F20066F903 /* KDStoryBoardUITests */ = {
			isa = PBXNativeTarget;
			buildConfigurationList = 8F850DBA1FCC01F20066F903 /* Build configuration list for PBXNativeTarget "KDStoryBoardUITests" */;
			buildPhases = (
				8F850DA71FCC01F20066F903 /* Sources */,
				8F850DA81FCC01F20066F903 /* Frameworks */,
				8F850DA91FCC01F20066F903 /* Resources */,
			);
			buildRules = (
			);
			dependencies = (
				8F850DAD1FCC01F20066F903 /* PBXTargetDependency */,
			);
			name = KDStoryBoardUITests;
			productName = KDStoryBoardUITests;
			productReference = 8F850DAB1FCC01F20066F903 /* KDStoryBoardUITests.xctest */;
			productType = "com.apple.product-type.bundle.ui-testing";
		};
/* End PBXNativeTarget section */

/* Begin PBXProject section */
		8F850D801FCC01F20066F903 /* Project object */ = {
			isa = PBXProject;
			attributes = {
				LastUpgradeCheck = 0910;
				ORGANIZATIONNAME = Macx;
				TargetAttributes = {
					8F850D871FCC01F20066F903 = {
						CreatedOnToolsVersion = 9.1;
						ProvisioningStyle = Automatic;
					};
					8F850D9F1FCC01F20066F903 = {
						CreatedOnToolsVersion = 9.1;
						ProvisioningStyle = Automatic;
						TestTargetID = 8F850D871FCC01F20066F903;
					};
					8F850DAA1FCC01F20066F903 = {
						CreatedOnToolsVersion = 9.1;
						ProvisioningStyle = Automatic;
						TestTargetID = 8F850D871FCC01F20066F903;
					};
				};
			};
			buildConfigurationList = 8F850D831FCC01F20066F903 /* Build configuration list for PBXProject "KDStoryBoard" */;
			compatibilityVersion = "Xcode 8.0";
			developmentRegion = en;
			hasScannedForEncodings = 0;
			knownRegions = (
				en,
				Base,
			);
			mainGroup = 8F850D7F1FCC01F20066F903;
			productRefGroup = 8F850D891FCC01F20066F903 /* Products */;
			projectDirPath = "";
			projectRoot = "";
			targets = (
				8F850D871FCC01F20066F903 /* KDStoryBoard */,
				8F850D9F1FCC01F20066F903 /* KDStoryBoardTests */,
				8F850DAA1FCC01F20066F903 /* KDStoryBoardUITests */,
			);
		};
/* End PBXProject section */

/* Begin PBXResourcesBuildPhase section */
		8F850D861FCC01F20066F903 /* Resources */ = {
			isa = PBXResourcesBuildPhase;
			buildActionMask = 2147483647;
			files = (
				8F850D981FCC01F20066F903 /* LaunchScreen.storyboard in Resources */,
				8F850D951FCC01F20066F903 /* Assets.xcassets in Resources */,
				8F850D931FCC01F20066F903 /* Main.storyboard in Resources */,
				8F850DD21FCC0AC80066F903 /* LoginStoryboard.storyboard in Resources */,
			);
			runOnlyForDeploymentPostprocessing = 0;
		};
		8F850D9E1FCC01F20066F903 /* Resources */ = {
			isa = PBXResourcesBuildPhase;
			buildActionMask = 2147483647;
			files = (
			);
			runOnlyForDeploymentPostprocessing = 0;
		};
		8F850DA91FCC01F20066F903 /* Resources */ = {
			isa = PBXResourcesBuildPhase;
			buildActionMask = 2147483647;
			files = (
			);
			runOnlyForDeploymentPostprocessing = 0;
		};
/* End PBXResourcesBuildPhase section */

/* Begin PBXSourcesBuildPhase section */
		8F850D841FCC01F20066F903 /* Sources */ = {
			isa = PBXSourcesBuildPhase;
			buildActionMask = 2147483647;
			files = (
				8F850D9B1FCC01F20066F903 /* main.m in Sources */,
				8F850D8D1FCC01F20066F903 /* AppDelegate.m in Sources */,
				8F850DCA1FCC02C20066F903 /* Function3ViewController.m in Sources */,
				8F850DC41FCC02A80066F903 /* Function1ViewController.m in Sources */,
				8F850DDE1FCC1EC90066F903 /* RegisterViewController.m in Sources */,
				8F850DCE1FCC09570066F903 /* LoginViewController.m in Sources */,
				8F850DC71FCC02B80066F903 /* Function2ViewController.m in Sources */,
				8F850DD51FCC10F40066F903 /* MainNavigationController.m in Sources */,
				8F850DE11FCC20C10066F903 /* ForgotPasswordViewController.m in Sources */,
				8F850DC01FCC02890066F903 /* MainTabBarController.m in Sources */,
			);
			runOnlyForDeploymentPostprocessing = 0;
		};
		8F850D9C1FCC01F20066F903 /* Sources */ = {
			isa = PBXSourcesBuildPhase;
			buildActionMask = 2147483647;
			files = (
				8F850DA51FCC01F20066F903 /* KDStoryBoardTests.m in Sources */,
			);
			runOnlyForDeploymentPostprocessing = 0;
		};
		8F850DA71FCC01F20066F903 /* Sources */ = {
			isa = PBXSourcesBuildPhase;
			buildActionMask = 2147483647;
			files = (
				8F850DB01FCC01F20066F903 /* KDStoryBoardUITests.m in Sources */,
			);
			runOnlyForDeploymentPostprocessing = 0;
		};
/* End PBXSourcesBuildPhase section */

/* Begin PBXTargetDependency section */
		8F850DA21FCC01F20066F903 /* PBXTargetDependency */ = {
			isa = PBXTargetDependency;
			target = 8F850D871FCC01F20066F903 /* KDStoryBoard */;
			targetProxy = 8F850DA11FCC01F20066F903 /* PBXContainerItemProxy */;
		};
		8F850DAD1FCC01F20066F903 /* PBXTargetDependency */ = {
			isa = PBXTargetDependency;
			target = 8F850D871FCC01F20066F903 /* KDStoryBoard */;
			targetProxy = 8F850DAC1FCC01F20066F903 /* PBXContainerItemProxy */;
		};
/* End PBXTargetDependency section */

/* Begin PBXVariantGroup section */
		8F850D911FCC01F20066F903 /* Main.storyboard */ = {
			isa = PBXVariantGroup;
			children = (
				8F850D921FCC01F20066F903 /* Base */,
			);
			name = Main.storyboard;
			sourceTree = "<group>";
		};
		8F850D961FCC01F20066F903 /* LaunchScreen.storyboard */ = {
			isa = PBXVariantGroup;
			children = (
				8F850D971FCC01F20066F903 /* Base */,
			);
			name = LaunchScreen.storyboard;
			sourceTree = "<group>";
		};
/* End PBXVariantGroup section */

/* Begin XCBuildConfiguration section */
		8F850DB21FCC01F20066F903 /* Debug */ = {
			isa = XCBuildConfiguration;
			buildSettings = {
				ALWAYS_SEARCH_USER_PATHS = NO;
				CLANG_ANALYZER_NONNULL = YES;
				CLANG_ANALYZER_NUMBER_OBJECT_CONVERSION = YES_AGGRESSIVE;
				CLANG_CXX_LANGUAGE_STANDARD = "gnu++14";
				CLANG_CXX_LIBRARY = "libc++";
				CLANG_ENABLE_MODULES = YES;
				CLANG_ENABLE_OBJC_ARC = YES;
				CLANG_WARN_BLOCK_CAPTURE_AUTORELEASING = YES;
				CLANG_WARN_BOOL_CONVERSION = YES;
				CLANG_WARN_COMMA = YES;
				CLANG_WARN_CONSTANT_CONVERSION = YES;
				CLANG_WARN_DIRECT_OBJC_ISA_USAGE = YES_ERROR;
				CLANG_WARN_DOCUMENTATION_COMMENTS = YES;
				CLANG_WARN_EMPTY_BODY = YES;
				CLANG_WARN_ENUM_CONVERSION = YES;
				CLANG_WARN_INFINITE_RECURSION = YES;
				CLANG_WARN_INT_CONVERSION = YES;
				CLANG_WARN_NON_LITERAL_NULL_CONVERSION = YES;
				CLANG_WARN_OBJC_LITERAL_CONVERSION = YES;
				CLANG_WARN_OBJC_ROOT_CLASS = YES_ERROR;
				CLANG_WARN_RANGE_LOOP_ANALYSIS = YES;
				CLANG_WARN_STRICT_PROTOTYPES = YES;
				CLANG_WARN_SUSPICIOUS_MOVE = YES;
				CLANG_WARN_UNGUARDED_AVAILABILITY = YES_AGGRESSIVE;
				CLANG_WARN_UNREACHABLE_CODE = YES;
				CLANG_WARN__DUPLICATE_METHOD_MATCH = YES;
				CODE_SIGN_IDENTITY = "iPhone Developer";
				COPY_PHASE_STRIP = NO;
				DEBUG_INFORMATION_FORMAT = dwarf;
				ENABLE_STRICT_OBJC_MSGSEND = YES;
				ENABLE_TESTABILITY = YES;
				GCC_C_LANGUAGE_STANDARD = gnu11;
				GCC_DYNAMIC_NO_PIC = NO;
				GCC_NO_COMMON_BLOCKS = YES;
				GCC_OPTIMIZATION_LEVEL = 0;
				GCC_PREPROCESSOR_DEFINITIONS = (
					"DEBUG=1",
					"$(inherited)",
				);
				GCC_WARN_64_TO_32_BIT_CONVERSION = YES;
				GCC_WARN_ABOUT_RETURN_TYPE = YES_ERROR;
				GCC_WARN_UNDECLARED_SELECTOR = YES;
				GCC_WARN_UNINITIALIZED_AUTOS = YES_AGGRESSIVE;
				GCC_WARN_UNUSED_FUNCTION = YES;
				GCC_WARN_UNUSED_VARIABLE = YES;
				IPHONEOS_DEPLOYMENT_TARGET = 11.1;
				MTL_ENABLE_DEBUG_INFO = YES;
				ONLY_ACTIVE_ARCH = YES;
				SDKROOT = iphoneos;
			};
			name = Debug;
		};
		8F850DB31FCC01F20066F903 /* Release */ = {
			isa = XCBuildConfiguration;
			buildSettings = {
				ALWAYS_SEARCH_USER_PATHS = NO;
				CLANG_ANALYZER_NONNULL = YES;
				CLANG_ANALYZER_NUMBER_OBJECT_CONVERSION = YES_AGGRESSIVE;
				CLANG_CXX_LANGUAGE_STANDARD = "gnu++14";
				CLANG_CXX_LIBRARY = "libc++";
				CLANG_ENABLE_MODULES = YES;
				CLANG_ENABLE_OBJC_ARC = YES;
				CLANG_WARN_BLOCK_CAPTURE_AUTORELEASING = YES;
				CLANG_WARN_BOOL_CONVERSION = YES;
				CLANG_WARN_COMMA = YES;
				CLANG_WARN_CONSTANT_CONVERSION = YES;
				CLANG_WARN_DIRECT_OBJC_ISA_USAGE = YES_ERROR;
				CLANG_WARN_DOCUMENTATION_COMMENTS = YES;
				CLANG_WARN_EMPTY_BODY = YES;
				CLANG_WARN_ENUM_CONVERSION = YES;
				CLANG_WARN_INFINITE_RECURSION = YES;
				CLANG_WARN_INT_CONVERSION = YES;
				CLANG_WARN_NON_LITERAL_NULL_CONVERSION = YES;
				CLANG_WARN_OBJC_LITERAL_CONVERSION = YES;
				CLANG_WARN_OBJC_ROOT_CLASS = YES_ERROR;
				CLANG_WARN_RANGE_LOOP_ANALYSIS = YES;
				CLANG_WARN_STRICT_PROTOTYPES = YES;
				CLANG_WARN_SUSPICIOUS_MOVE = YES;
				CLANG_WARN_UNGUARDED_AVAILABILITY = YES_AGGRESSIVE;
				CLANG_WARN_UNREACHABLE_CODE = YES;
				CLANG_WARN__DUPLICATE_METHOD_MATCH = YES;
				CODE_SIGN_IDENTITY = "iPhone Developer";
				COPY_PHASE_STRIP = NO;
				DEBUG_INFORMATION_FORMAT = "dwarf-with-dsym";
				ENABLE_NS_ASSERTIONS = NO;
				ENABLE_STRICT_OBJC_MSGSEND = YES;
				GCC_C_LANGUAGE_STANDARD = gnu11;
				GCC_NO_COMMON_BLOCKS = YES;
				GCC_WARN_64_TO_32_BIT_CONVERSION = YES;
				GCC_WARN_ABOUT_RETURN_TYPE = YES_ERROR;
				GCC_WARN_UNDECLARED_SELECTOR = YES;
				GCC_WARN_UNINITIALIZED_AUTOS = YES_AGGRESSIVE;
				GCC_WARN_UNUSED_FUNCTION = YES;
				GCC_WARN_UNUSED_VARIABLE = YES;
				IPHONEOS_DEPLOYMENT_TARGET = 11.1;
				MTL_ENABLE_DEBUG_INFO = NO;
				SDKROOT = iphoneos;
				VALIDATE_PRODUCT = YES;
			};
			name = Release;
		};
		8F850DB51FCC01F20066F903 /* Debug */ = {
			isa = XCBuildConfiguration;
			buildSettings = {
				ASSETCATALOG_COMPILER_APPICON_NAME = AppIcon;
				CODE_SIGN_STYLE = Automatic;
				DEVELOPMENT_TEAM = V3WGXX8M8S;
				INFOPLIST_FILE = KDStoryBoard/Info.plist;
				LD_RUNPATH_SEARCH_PATHS = "$(inherited) @executable_path/Frameworks";
				PRODUCT_BUNDLE_IDENTIFIER = com.qianft.KDStoryBoard;
				PRODUCT_NAME = "$(TARGET_NAME)";
				TARGETED_DEVICE_FAMILY = "1,2";
			};
			name = Debug;
		};
		8F850DB61FCC01F20066F903 /* Release */ = {
			isa = XCBuildConfiguration;
			buildSettings = {
				ASSETCATALOG_COMPILER_APPICON_NAME = AppIcon;
				CODE_SIGN_STYLE = Automatic;
				DEVELOPMENT_TEAM = V3WGXX8M8S;
				INFOPLIST_FILE = KDStoryBoard/Info.plist;
				LD_RUNPATH_SEARCH_PATHS = "$(inherited) @executable_path/Frameworks";
				PRODUCT_BUNDLE_IDENTIFIER = com.qianft.KDStoryBoard;
				PRODUCT_NAME = "$(TARGET_NAME)";
				TARGETED_DEVICE_FAMILY = "1,2";
			};
			name = Release;
		};
		8F850DB81FCC01F20066F903 /* Debug */ = {
			isa = XCBuildConfiguration;
			buildSettings = {
				BUNDLE_LOADER = "$(TEST_HOST)";
				CODE_SIGN_STYLE = Automatic;
				DEVELOPMENT_TEAM = LGN7SU938D;
				INFOPLIST_FILE = KDStoryBoardTests/Info.plist;
				LD_RUNPATH_SEARCH_PATHS = "$(inherited) @executable_path/Frameworks @loader_path/Frameworks";
				PRODUCT_BUNDLE_IDENTIFIER = com.qianft.KDStoryBoardTests;
				PRODUCT_NAME = "$(TARGET_NAME)";
				TARGETED_DEVICE_FAMILY = "1,2";
				TEST_HOST = "$(BUILT_PRODUCTS_DIR)/KDStoryBoard.app/KDStoryBoard";
			};
			name = Debug;
		};
		8F850DB91FCC01F20066F903 /* Release */ = {
			isa = XCBuildConfiguration;
			buildSettings = {
				BUNDLE_LOADER = "$(TEST_HOST)";
				CODE_SIGN_STYLE = Automatic;
				DEVELOPMENT_TEAM = LGN7SU938D;
				INFOPLIST_FILE = KDStoryBoardTests/Info.plist;
				LD_RUNPATH_SEARCH_PATHS = "$(inherited) @executable_path/Frameworks @loader_path/Frameworks";
				PRODUCT_BUNDLE_IDENTIFIER = com.qianft.KDStoryBoardTests;
				PRODUCT_NAME = "$(TARGET_NAME)";
				TARGETED_DEVICE_FAMILY = "1,2";
				TEST_HOST = "$(BUILT_PRODUCTS_DIR)/KDStoryBoard.app/KDStoryBoard";
			};
			name = Release;
		};
		8F850DBB1FCC01F20066F903 /* Debug */ = {
			isa = XCBuildConfiguration;
			buildSettings = {
				CODE_SIGN_STYLE = Automatic;
				DEVELOPMENT_TEAM = LGN7SU938D;
				INFOPLIST_FILE = KDStoryBoardUITests/Info.plist;
				LD_RUNPATH_SEARCH_PATHS = "$(inherited) @executable_path/Frameworks @loader_path/Frameworks";
				PRODUCT_BUNDLE_IDENTIFIER = com.qianft.KDStoryBoardUITests;
				PRODUCT_NAME = "$(TARGET_NAME)";
				TARGETED_DEVICE_FAMILY = "1,2";
				TEST_TARGET_NAME = KDStoryBoard;
			};
			name = Debug;
		};
		8F850DBC1FCC01F20066F903 /* Release */ = {
			isa = XCBuildConfiguration;
			buildSettings = {
				CODE_SIGN_STYLE = Automatic;
				DEVELOPMENT_TEAM = LGN7SU938D;
				INFOPLIST_FILE = KDStoryBoardUITests/Info.plist;
				LD_RUNPATH_SEARCH_PATHS = "$(inherited) @executable_path/Frameworks @loader_path/Frameworks";
				PRODUCT_BUNDLE_IDENTIFIER = com.qianft.KDStoryBoardUITests;
				PRODUCT_NAME = "$(TARGET_NAME)";
				TARGETED_DEVICE_FAMILY = "1,2";
				TEST_TARGET_NAME = KDStoryBoard;
			};
			name = Release;
		};
/* End XCBuildConfiguration section */

/* Begin XCConfigurationList section */
		8F850D831FCC01F20066F903 /* Build configuration list for PBXProject "KDStoryBoard" */ = {
			isa = XCConfigurationList;
			buildConfigurations = (
				8F850DB21FCC01F20066F903 /* Debug */,
				8F850DB31FCC01F20066F903 /* Release */,
			);
			defaultConfigurationIsVisible = 0;
			defaultConfigurationName = Release;
		};
		8F850DB41FCC01F20066F903 /* Build configuration list for PBXNativeTarget "KDStoryBoard" */ = {
			isa = XCConfigurationList;
			buildConfigurations = (
				8F850DB51FCC01F20066F903 /* Debug */,
				8F850DB61FCC01F20066F903 /* Release */,
			);
			defaultConfigurationIsVisible = 0;
			defaultConfigurationName = Release;
		};
		8F850DB71FCC01F20066F903 /* Build configuration list for PBXNativeTarget "KDStoryBoardTests" */ = {
			isa = XCConfigurationList;
			buildConfigurations = (
				8F850DB81FCC01F20066F903 /* Debug */,
				8F850DB91FCC01F20066F903 /* Release */,
			);
			defaultConfigurationIsVisible = 0;
			defaultConfigurationName = Release;
		};
		8F850DBA1FCC01F20066F903 /* Build configuration list for PBXNativeTarget "KDStoryBoardUITests" */ = {
			isa = XCConfigurationList;
			buildConfigurations = (
				8F850DBB1FCC01F20066F903 /* Debug */,
				8F850DBC1FCC01F20066F903 /* Release */,
			);
			defaultConfigurationIsVisible = 0;
			defaultConfigurationName = Release;
		};
/* End XCConfigurationList section */
	};
	rootObject = 8F850D801FCC01F20066F903 /* Project object */;
}
